
Microsoft Visual Studio Solution File, Format Version 10.00
# Visual Studio 2008
Project("{FAE04EC0-301F-11D3-BF4B-00C04F79EFBC}") = "3dWaves", "3dWaves.csproj", "{4AE3CA6D-74B6-4267-B2E7-52F9B309FB02}"
EndProject
Global
	GlobalSection(SolutionConfigurationPlatforms) = preSolution
		Debug|Any CPU = Debug|Any CPU
		Release|Any CPU = Release|Any CPU
	EndGlobalSection
	GlobalSection(ProjectConfigurationPlatforms) = postSolution
		{4AE3CA6D-74B6-4267-B2E7-52F9B309FB02}.Debug|Any CPU.ActiveCfg = Debug|Any CPU
		{4AE3CA6D-74B6-4267-B2E7-52F9B309FB02}.Debug|Any CPU.Build.0 = Debug|Any CPU
		{4AE3CA6D-74B6-4267-B2E7-52F9B309FB02}.Release|Any CPU.ActiveCfg = Release|Any CPU
		{4AE3CA6D-74B6-4267-B2E7-52F9B309FB02}.Release|Any CPU.Build.0 = Release|Any CPU
	EndGlobalSection
	GlobalSection(SolutionProperties) = preSolution
		HideSolutionNode = FALSE
	EndGlobalSection
EndGlobal
